
Microsoft Visual Studio Solution File, Format Version 12.00
Project("{FAE04EC0-301F-11D3-BF4B-00C04F79EFBC}") = "Core", "Core\Core.csproj", "{48FC3E9E-CEC8-4FAB-8675-580E8704BC01}"
EndProject
Project("{FAE04EC0-301F-11D3-BF4B-00C04F79EFBC}") = "TreasureSolver", "TreasureSolver\TreasureSolver.csproj", "{7B1E7B2D-2B27-4248-8F01-ECE61D5472EB}"
EndProject
Project("{2150E333-8FDC-42A3-9474-1A3956D46DE8}") = "TreasureSolver", "TreasureSolver", "{62D6C858-7864-42F0-BBEB-1D488F8818C6}"
EndProject
Project("{2150E333-8FDC-42A3-9474-1A3956D46DE8}") = "Hell", "Hell", "{97FE7C6E-A688-40D9-9C53-818F58B47C4C}"
EndProject
Project("{2150E333-8FDC-42A3-9474-1A3956D46DE8}") = "Heaven", "Heaven", "{4A5E8B74-1BFA-48BF-A7F4-55F7C5BB36AE}"
EndProject
Project("{FAE04EC0-301F-11D3-BF4B-00C04F79EFBC}") = "Hell", "Hell\Hell.csproj", "{482D42BB-AFAD-4364-B40A-DC79151AAE57}"
EndProject
Project("{FAE04EC0-301F-11D3-BF4B-00C04F79EFBC}") = "Heaven", "Heaven\Heaven.csproj", "{7857FF38-0206-429C-8456-72CF5A2CD1F1}"
EndProject
Project("{FAE04EC0-301F-11D3-BF4B-00C04F79EFBC}") = "Heaven.Launcher", "Heaven.Launcher\Heaven.Launcher.csproj", "{B57C54D8-FDEE-4EB5-8E2E-BE142F8F56D5}"
EndProject
Global
	GlobalSection(SolutionConfigurationPlatforms) = preSolution
		Debug|Any CPU = Debug|Any CPU
		Release|Any CPU = Release|Any CPU
	EndGlobalSection
	GlobalSection(ProjectConfigurationPlatforms) = postSolution
		{48FC3E9E-CEC8-4FAB-8675-580E8704BC01}.Debug|Any CPU.ActiveCfg = Debug|Any CPU
		{48FC3E9E-CEC8-4FAB-8675-580E8704BC01}.Debug|Any CPU.Build.0 = Debug|Any CPU
		{48FC3E9E-CEC8-4FAB-8675-580E8704BC01}.Release|Any CPU.ActiveCfg = Release|Any CPU
		{48FC3E9E-CEC8-4FAB-8675-580E8704BC01}.Release|Any CPU.Build.0 = Release|Any CPU
		{7B1E7B2D-2B27-4248-8F01-ECE61D5472EB}.Debug|Any CPU.ActiveCfg = Debug|Any CPU
		{7B1E7B2D-2B27-4248-8F01-ECE61D5472EB}.Debug|Any CPU.Build.0 = Debug|Any CPU
		{7B1E7B2D-2B27-4248-8F01-ECE61D5472EB}.Release|Any CPU.ActiveCfg = Release|Any CPU
		{7B1E7B2D-2B27-4248-8F01-ECE61D5472EB}.Release|Any CPU.Build.0 = Release|Any CPU
		{482D42BB-AFAD-4364-B40A-DC79151AAE57}.Debug|Any CPU.ActiveCfg = Debug|Any CPU
		{482D42BB-AFAD-4364-B40A-DC79151AAE57}.Debug|Any CPU.Build.0 = Debug|Any CPU
		{482D42BB-AFAD-4364-B40A-DC79151AAE57}.Release|Any CPU.ActiveCfg = Release|Any CPU
		{482D42BB-AFAD-4364-B40A-DC79151AAE57}.Release|Any CPU.Build.0 = Release|Any CPU
		{7857FF38-0206-429C-8456-72CF5A2CD1F1}.Debug|Any CPU.ActiveCfg = Debug|Any CPU
		{7857FF38-0206-429C-8456-72CF5A2CD1F1}.Debug|Any CPU.Build.0 = Debug|Any CPU
		{7857FF38-0206-429C-8456-72CF5A2CD1F1}.Release|Any CPU.ActiveCfg = Release|Any CPU
		{7857FF38-0206-429C-8456-72CF5A2CD1F1}.Release|Any CPU.Build.0 = Release|Any CPU
		{B57C54D8-FDEE-4EB5-8E2E-BE142F8F56D5}.Debug|Any CPU.ActiveCfg = Debug|Any CPU
		{B57C54D8-FDEE-4EB5-8E2E-BE142F8F56D5}.Debug|Any CPU.Build.0 = Debug|Any CPU
		{B57C54D8-FDEE-4EB5-8E2E-BE142F8F56D5}.Release|Any CPU.ActiveCfg = Release|Any CPU
		{B57C54D8-FDEE-4EB5-8E2E-BE142F8F56D5}.Release|Any CPU.Build.0 = Release|Any CPU
	EndGlobalSection
	GlobalSection(NestedProjects) = preSolution
		{7B1E7B2D-2B27-4248-8F01-ECE61D5472EB} = {62D6C858-7864-42F0-BBEB-1D488F8818C6}
		{482D42BB-AFAD-4364-B40A-DC79151AAE57} = {97FE7C6E-A688-40D9-9C53-818F58B47C4C}
		{7857FF38-0206-429C-8456-72CF5A2CD1F1} = {4A5E8B74-1BFA-48BF-A7F4-55F7C5BB36AE}
		{B57C54D8-FDEE-4EB5-8E2E-BE142F8F56D5} = {4A5E8B74-1BFA-48BF-A7F4-55F7C5BB36AE}
	EndGlobalSection
EndGlobal
